// !$*UTF8*$!
{
	archiveVersion = 1;
	classes = {
	};
	objectVersion = 52;
	objects = {

/* Begin PBXBuildFile section */
		9B25F47624F3911400A760CD /* ItunesService.swift in Sources */ = {isa = PBXBuildFile; fileRef = 9B25F47524F3911400A760CD /* ItunesService.swift */; };
		9B25F47824F3A25C00A760CD /* ItunesFeed.swift in Sources */ = {isa = PBXBuildFile; fileRef = 9B25F47724F3A25C00A760CD /* ItunesFeed.swift */; };
		9B25F47B24F3A7E100A760CD /* Kingfisher in Frameworks */ = {isa = PBXBuildFile; productRef = 9B25F47A24F3A7E100A760CD /* Kingfisher */; };
		9B6BDFD524F3721300A00C85 /* AppDelegate.swift in Sources */ = {isa = PBXBuildFile; fileRef = 9B6BDFD424F3721300A00C85 /* AppDelegate.swift */; };
		9B6BDFD724F3721300A00C85 /* SceneDelegate.swift in Sources */ = {isa = PBXBuildFile; fileRef = 9B6BDFD624F3721300A00C85 /* SceneDelegate.swift */; };
		9B6BDFDC24F3721300A00C85 /* Main.storyboard in Resources */ = {isa = PBXBuildFile; fileRef = 9B6BDFDA24F3721300A00C85 /* Main.storyboard */; };
		9B6BDFDE24F3721600A00C85 /* Assets.xcassets in Resources */ = {isa = PBXBuildFile; fileRef = 9B6BDFDD24F3721600A00C85 /* Assets.xcassets */; };
		9B6BDFE124F3721600A00C85 /* LaunchScreen.storyboard in Resources */ = {isa = PBXBuildFile; fileRef = 9B6BDFDF24F3721600A00C85 /* LaunchScreen.storyboard */; };
		9B6BDFE924F3774800A00C85 /* HomeViewController.swift in Sources */ = {isa = PBXBuildFile; fileRef = 9B6BDFE824F3774800A00C85 /* HomeViewController.swift */; };
		9B6BDFEB24F38FB200A00C85 /* MovieTableViewController.swift in Sources */ = {isa = PBXBuildFile; fileRef = 9B6BDFEA24F38FB200A00C85 /* MovieTableViewController.swift */; };
		9B6BDFED24F38FB900A00C85 /* MusicTableViewController.swift in Sources */ = {isa = PBXBuildFile; fileRef = 9B6BDFEC24F38FB900A00C85 /* MusicTableViewController.swift */; };
/* End PBXBuildFile section */

/* Begin PBXFileReference section */
		9B25F47524F3911400A760CD /* ItunesService.swift */ = {isa = PBXFileReference; lastKnownFileType = sourcecode.swift; path = ItunesService.swift; sourceTree = "<group>"; };
		9B25F47724F3A25C00A760CD /* ItunesFeed.swift */ = {isa = PBXFileReference; lastKnownFileType = sourcecode.swift; path = ItunesFeed.swift; sourceTree = "<group>"; };
		9B6BDFD124F3721300A00C85 /* Demo.app */ = {isa = PBXFileReference; explicitFileType = wrapper.application; includeInIndex = 0; path = Demo.app; sourceTree = BUILT_PRODUCTS_DIR; };
		9B6BDFD424F3721300A00C85 /* AppDelegate.swift */ = {isa = PBXFileReference; lastKnownFileType = sourcecode.swift; path = AppDelegate.swift; sourceTree = "<group>"; };
		9B6BDFD624F3721300A00C85 /* SceneDelegate.swift */ = {isa = PBXFileReference; lastKnownFileType = sourcecode.swift; path = SceneDelegate.swift; sourceTree = "<group>"; };
		9B6BDFDB24F3721300A00C85 /* Base */ = {isa = PBXFileReference; lastKnownFileType = file.storyboard; name = Base; path = Base.lproj/Main.storyboard; sourceTree = "<group>"; };
		9B6BDFDD24F3721600A00C85 /* Assets.xcassets */ = {isa = PBXFileReference; lastKnownFileType = folder.assetcatalog; path = Assets.xcassets; sourceTree = "<group>"; };
		9B6BDFE024F3721600A00C85 /* Base */ = {isa = PBXFileReference; lastKnownFileType = file.storyboard; name = Base; path = Base.lproj/LaunchScreen.storyboard; sourceTree = "<group>"; };
		9B6BDFE224F3721600A00C85 /* Info.plist */ = {isa = PBXFileReference; lastKnownFileType = text.plist.xml; path = Info.plist; sourceTree = "<group>"; };
		9B6BDFE824F3774800A00C85 /* HomeViewController.swift */ = {isa = PBXFileReference; lastKnownFileType = sourcecode.swift; path = HomeViewController.swift; sourceTree = "<group>"; };
		9B6BDFEA24F38FB200A00C85 /* MovieTableViewController.swift */ = {isa = PBXFileReference; lastKnownFileType = sourcecode.swift; path = MovieTableViewController.swift; sourceTree = "<group>"; };
		9B6BDFEC24F38FB900A00C85 /* MusicTableViewController.swift */ = {isa = PBXFileReference; lastKnownFileType = sourcecode.swift; path = MusicTableViewController.swift; sourceTree = "<group>"; };
/* End PBXFileReference section */

/* Begin PBXFrameworksBuildPhase section */
		9B6BDFCE24F3721300A00C85 /* Frameworks */ = {
			isa = PBXFrameworksBuildPhase;
			buildActionMask = 2147483647;
			files = (
				9B25F47B24F3A7E100A760CD /* Kingfisher in Frameworks */,
			);
			runOnlyForDeploymentPostprocessing = 0;
		};
/* End PBXFrameworksBuildPhase section */

/* Begin PBXGroup section */
		9B6BDFC824F3721300A00C85 = {
			isa = PBXGroup;
			children = (
				9B6BDFD324F3721300A00C85 /* Demo */,
				9B6BDFD224F3721300A00C85 /* Products */,
			);
			sourceTree = "<group>";
		};
		9B6BDFD224F3721300A00C85 /* Products */ = {
			isa = PBXGroup;
			children = (
				9B6BDFD124F3721300A00C85 /* Demo.app */,
			);
			name = Products;
			sourceTree = "<group>";
		};
		9B6BDFD324F3721300A00C85 /* Demo */ = {
			isa = PBXGroup;
			children = (
				9B6BDFD424F3721300A00C85 /* AppDelegate.swift */,
				9B6BDFD624F3721300A00C85 /* SceneDelegate.swift */,
				9B6BDFEA24F38FB200A00C85 /* MovieTableViewController.swift */,
				9B6BDFEC24F38FB900A00C85 /* MusicTableViewController.swift */,
				9B6BDFDA24F3721300A00C85 /* Main.storyboard */,
				9B25F47524F3911400A760CD /* ItunesService.swift */,
				9B25F47724F3A25C00A760CD /* ItunesFeed.swift */,
				9B6BDFE824F3774800A00C85 /* HomeViewController.swift */,
				9B6BDFDD24F3721600A00C85 /* Assets.xcassets */,
				9B6BDFDF24F3721600A00C85 /* LaunchScreen.storyboard */,
				9B6BDFE224F3721600A00C85 /* Info.plist */,
			);
			path = Demo;
			sourceTree = "<group>";
		};
/* End PBXGroup section */

/* Begin PBXNativeTarget section */
		9B6BDFD024F3721300A00C85 /* Demo */ = {
			isa = PBXNativeTarget;
			buildConfigurationList = 9B6BDFE524F3721600A00C85 /* Build configuration list for PBXNativeTarget "Demo" */;
			buildPhases = (
				9B6BDFCD24F3721300A00C85 /* Sources */,
				9B6BDFCE24F3721300A00C85 /* Frameworks */,
				9B6BDFCF24F3721300A00C85 /* Resources */,
			);
			buildRules = (
			);
			dependencies = (
			);
			name = Demo;
			packageProductDependencies = (
				9B25F47A24F3A7E100A760CD /* Kingfisher */,
			);
			productName = Demo;
			productReference = 9B6BDFD124F3721300A00C85 /* Demo.app */;
			productType = "com.apple.product-type.application";
		};
/* End PBXNativeTarget section */

/* Begin PBXProject section */
		9B6BDFC924F3721300A00C85 /* Project object */ = {
			isa = PBXProject;
			attributes = {
				LastSwiftUpdateCheck = 1150;
				LastUpgradeCheck = 1150;
				ORGANIZATIONNAME = "SHIH-YING PAN";
				TargetAttributes = {
					9B6BDFD024F3721300A00C85 = {
						CreatedOnToolsVersion = 11.5;
					};
				};
			};
			buildConfigurationList = 9B6BDFCC24F3721300A00C85 /* Build configuration list for PBXProject "Demo" */;
			compatibilityVersion = "Xcode 9.3";
			developmentRegion = en;
			hasScannedForEncodings = 0;
			knownRegions = (
				en,
				Base,
			);
			mainGroup = 9B6BDFC824F3721300A00C85;
			packageReferences = (
				9B25F47924F3A7E100A760CD /* XCRemoteSwiftPackageReference "Kingfisher" */,
			);
			productRefGroup = 9B6BDFD224F3721300A00C85 /* Products */;
			projectDirPath = "";
			projectRoot = "";
			targets = (
				9B6BDFD024F3721300A00C85 /* Demo */,
			);
		};
/* End PBXProject section */

/* Begin PBXResourcesBuildPhase section */
		9B6BDFCF24F3721300A00C85 /* Resources */ = {
			isa = PBXResourcesBuildPhase;
			buildActionMask = 2147483647;
			files = (
				9B6BDFE124F3721600A00C85 /* LaunchScreen.storyboard in Resources */,
				9B6BDFDE24F3721600A00C85 /* Assets.xcassets in Resources */,
				9B6BDFDC24F3721300A00C85 /* Main.storyboard in Resources */,
			);
			runOnlyForDeploymentPostprocessing = 0;
		};
/* End PBXResourcesBuildPhase section */

/* Begin PBXSourcesBuildPhase section */
		9B6BDFCD24F3721300A00C85 /* Sources */ = {
			isa = PBXSourcesBuildPhase;
			buildActionMask = 2147483647;
			files = (
				9B6BDFEB24F38FB200A00C85 /* MovieTableViewController.swift in Sources */,
				9B6BDFD524F3721300A00C85 /* AppDelegate.swift in Sources */,
				9B25F47624F3911400A760CD /* ItunesService.swift in Sources */,
				9B25F47824F3A25C00A760CD /* ItunesFeed.swift in Sources */,
				9B6BDFD724F3721300A00C85 /* SceneDelegate.swift in Sources */,
				9B6BDFE924F3774800A00C85 /* HomeViewController.swift in Sources */,
				9B6BDFED24F38FB900A00C85 /* MusicTableViewController.swift in Sources */,
			);
			runOnlyForDeploymentPostprocessing = 0;
		};
/* End PBXSourcesBuildPhase section */

/* Begin PBXVariantGroup section */
		9B6BDFDA24F3721300A00C85 /* Main.storyboard */ = {
			isa = PBXVariantGroup;
			children = (
				9B6BDFDB24F3721300A00C85 /* Base */,
			);
			name = Main.storyboard;
			sourceTree = "<group>";
		};
		9B6BDFDF24F3721600A00C85 /* LaunchScreen.storyboard */ = {
			isa = PBXVariantGroup;
			children = (
				9B6BDFE024F3721600A00C85 /* Base */,
			);
			name = LaunchScreen.storyboard;
			sourceTree = "<group>";
		};
/* End PBXVariantGroup section */

/* Begin XCBuildConfiguration section */
		9B6BDFE324F3721600A00C85 /* Debug */ = {
			isa = XCBuildConfiguration;
			buildSettings = {
				ALWAYS_SEARCH_USER_PATHS = NO;
				CLANG_ANALYZER_NONNULL = YES;
				CLANG_ANALYZER_NUMBER_OBJECT_CONVERSION = YES_AGGRESSIVE;
				CLANG_CXX_LANGUAGE_STANDARD = "gnu++14";
				CLANG_CXX_LIBRARY = "libc++";
				CLANG_ENABLE_MODULES = YES;
				CLANG_ENABLE_OBJC_ARC = YES;
				CLANG_ENABLE_OBJC_WEAK = YES;
				CLANG_WARN_BLOCK_CAPTURE_AUTORELEASING = YES;
				CLANG_WARN_BOOL_CONVERSION = YES;
				CLANG_WARN_COMMA = YES;
				CLANG_WARN_CONSTANT_CONVERSION = YES;
				CLANG_WARN_DEPRECATED_OBJC_IMPLEMENTATIONS = YES;
				CLANG_WARN_DIRECT_OBJC_ISA_USAGE = YES_ERROR;
				CLANG_WARN_DOCUMENTATION_COMMENTS = YES;
				CLANG_WARN_EMPTY_BODY = YES;
				CLANG_WARN_ENUM_CONVERSION = YES;
				CLANG_WARN_INFINITE_RECURSION = YES;
				CLANG_WARN_INT_CONVERSION = YES;
				CLANG_WARN_NON_LITERAL_NULL_CONVERSION = YES;
				CLANG_WARN_OBJC_IMPLICIT_RETAIN_SELF = YES;
				CLANG_WARN_OBJC_LITERAL_CONVERSION = YES;
				CLANG_WARN_OBJC_ROOT_CLASS = YES_ERROR;
				CLANG_WARN_RANGE_LOOP_ANALYSIS = YES;
				CLANG_WARN_STRICT_PROTOTYPES = YES;
				CLANG_WARN_SUSPICIOUS_MOVE = YES;
				CLANG_WARN_UNGUARDED_AVAILABILITY = YES_AGGRESSIVE;
				CLANG_WARN_UNREACHABLE_CODE = YES;
				CLANG_WARN__DUPLICATE_METHOD_MATCH = YES;
				COPY_PHASE_STRIP = NO;
				DEBUG_INFORMATION_FORMAT = dwarf;
				ENABLE_STRICT_OBJC_MSGSEND = YES;
				ENABLE_TESTABILITY = YES;
				GCC_C_LANGUAGE_STANDARD = gnu11;
				GCC_DYNAMIC_NO_PIC = NO;
				GCC_NO_COMMON_BLOCKS = YES;
				GCC_OPTIMIZATION_LEVEL = 0;
				GCC_PREPROCESSOR_DEFINITIONS = (
					"DEBUG=1",
					"$(inherited)",
				);
				GCC_WARN_64_TO_32_BIT_CONVERSION = YES;
				GCC_WARN_ABOUT_RETURN_TYPE = YES_ERROR;
				GCC_WARN_UNDECLARED_SELECTOR = YES;
				GCC_WARN_UNINITIALIZED_AUTOS = YES_AGGRESSIVE;
				GCC_WARN_UNUSED_FUNCTION = YES;
				GCC_WARN_UNUSED_VARIABLE = YES;
				IPHONEOS_DEPLOYMENT_TARGET = 13.5;
				MTL_ENABLE_DEBUG_INFO = INCLUDE_SOURCE;
				MTL_FAST_MATH = YES;
				ONLY_ACTIVE_ARCH = YES;
				SDKROOT = iphoneos;
				SWIFT_ACTIVE_COMPILATION_CONDITIONS = DEBUG;
				SWIFT_OPTIMIZATION_LEVEL = "-Onone";
			};
			name = Debug;
		};
		9B6BDFE424F3721600A00C85 /* Release */ = {
			isa = XCBuildConfiguration;
			buildSettings = {
				ALWAYS_SEARCH_USER_PATHS = NO;
				CLANG_ANALYZER_NONNULL = YES;
				CLANG_ANALYZER_NUMBER_OBJECT_CONVERSION = YES_AGGRESSIVE;
				CLANG_CXX_LANGUAGE_STANDARD = "gnu++14";
				CLANG_CXX_LIBRARY = "libc++";
				CLANG_ENABLE_MODULES = YES;
				CLANG_ENABLE_OBJC_ARC = YES;
				CLANG_ENABLE_OBJC_WEAK = YES;
				CLANG_WARN_BLOCK_CAPTURE_AUTORELEASING = YES;
				CLANG_WARN_BOOL_CONVERSION = YES;
				CLANG_WARN_COMMA = YES;
				CLANG_WARN_CONSTANT_CONVERSION = YES;
				CLANG_WARN_DEPRECATED_OBJC_IMPLEMENTATIONS = YES;
				CLANG_WARN_DIRECT_OBJC_ISA_USAGE = YES_ERROR;
				CLANG_WARN_DOCUMENTATION_COMMENTS = YES;
				CLANG_WARN_EMPTY_BODY = YES;
				CLANG_WARN_ENUM_CONVERSION = YES;
				CLANG_WARN_INFINITE_RECURSION = YES;
				CLANG_WARN_INT_CONVERSION = YES;
				CLANG_WARN_NON_LITERAL_NULL_CONVERSION = YES;
				CLANG_WARN_OBJC_IMPLICIT_RETAIN_SELF = YES;
				CLANG_WARN_OBJC_LITERAL_CONVERSION = YES;
				CLANG_WARN_OBJC_ROOT_CLASS = YES_ERROR;
				CLANG_WARN_RANGE_LOOP_ANALYSIS = YES;
				CLANG_WARN_STRICT_PROTOTYPES = YES;
				CLANG_WARN_SUSPICIOUS_MOVE = YES;
				CLANG_WARN_UNGUARDED_AVAILABILITY = YES_AGGRESSIVE;
				CLANG_WARN_UNREACHABLE_CODE = YES;
				CLANG_WARN__DUPLICATE_METHOD_MATCH = YES;
				COPY_PHASE_STRIP = NO;
				DEBUG_INFORMATION_FORMAT = "dwarf-with-dsym";
				ENABLE_NS_ASSERTIONS = NO;
				ENABLE_STRICT_OBJC_MSGSEND = YES;
				GCC_C_LANGUAGE_STANDARD = gnu11;
				GCC_NO_COMMON_BLOCKS = YES;
				GCC_WARN_64_TO_32_BIT_CONVERSION = YES;
				GCC_WARN_ABOUT_RETURN_TYPE = YES_ERROR;
				GCC_WARN_UNDECLARED_SELECTOR = YES;
				GCC_WARN_UNINITIALIZED_AUTOS = YES_AGGRESSIVE;
				GCC_WARN_UNUSED_FUNCTION = YES;
				GCC_WARN_UNUSED_VARIABLE = YES;
				IPHONEOS_DEPLOYMENT_TARGET = 13.5;
				MTL_ENABLE_DEBUG_INFO = NO;
				MTL_FAST_MATH = YES;
				SDKROOT = iphoneos;
				SWIFT_COMPILATION_MODE = wholemodule;
				SWIFT_OPTIMIZATION_LEVEL = "-O";
				VALIDATE_PRODUCT = YES;
			};
			name = Release;
		};
		9B6BDFE624F3721600A00C85 /* Debug */ = {
			isa = XCBuildConfiguration;
			buildSettings = {
				ASSETCATALOG_COMPILER_APPICON_NAME = AppIcon;
				CODE_SIGN_STYLE = Automatic;
				DEVELOPMENT_TEAM = G4HL98LX6L;
				INFOPLIST_FILE = Demo/Info.plist;
				LD_RUNPATH_SEARCH_PATHS = (
					"$(inherited)",
					"@executable_path/Frameworks",
				);
				PRODUCT_BUNDLE_IDENTIFIER = com.peterandcathie.Demo;
				PRODUCT_NAME = "$(TARGET_NAME)";
				SWIFT_VERSION = 5.0;
				TARGETED_DEVICE_FAMILY = "1,2";
			};
			name = Debug;
		};
		9B6BDFE724F3721600A00C85 /* Release */ = {
			isa = XCBuildConfiguration;
			buildSettings = {
				ASSETCATALOG_COMPILER_APPICON_NAME = AppIcon;
				CODE_SIGN_STYLE = Automatic;
				DEVELOPMENT_TEAM = G4HL98LX6L;
				INFOPLIST_FILE = Demo/Info.plist;
				LD_RUNPATH_SEARCH_PATHS = (
					"$(inherited)",
					"@executable_path/Frameworks",
				);
				PRODUCT_BUNDLE_IDENTIFIER = com.peterandcathie.Demo;
				PRODUCT_NAME = "$(TARGET_NAME)";
				SWIFT_VERSION = 5.0;
				TARGETED_DEVICE_FAMILY = "1,2";
			};
			name = Release;
		};
/* End XCBuildConfiguration section */

/* Begin XCConfigurationList section */
		9B6BDFCC24F3721300A00C85 /* Build configuration list for PBXProject "Demo" */ = {
			isa = XCConfigurationList;
			buildConfigurations = (
				9B6BDFE324F3721600A00C85 /* Debug */,
				9B6BDFE424F3721600A00C85 /* Release */,
			);
			defaultConfigurationIsVisible = 0;
			defaultConfigurationName = Release;
		};
		9B6BDFE524F3721600A00C85 /* Build configuration list for PBXNativeTarget "Demo" */ = {
			isa = XCConfigurationList;
			buildConfigurations = (
				9B6BDFE624F3721600A00C85 /* Debug */,
				9B6BDFE724F3721600A00C85 /* Release */,
			);
			defaultConfigurationIsVisible = 0;
			defaultConfigurationName = Release;
		};
/* End XCConfigurationList section */

/* Begin XCRemoteSwiftPackageReference section */
		9B25F47924F3A7E100A760CD /* XCRemoteSwiftPackageReference "Kingfisher" */ = {
			isa = XCRemoteSwiftPackageReference;
			repositoryURL = "https://github.com/onevcat/Kingfisher";
			requirement = {
				kind = upToNextMajorVersion;
				minimumVersion = 5.15.0;
			};
		};
/* End XCRemoteSwiftPackageReference section */

/* Begin XCSwiftPackageProductDependency section */
		9B25F47A24F3A7E100A760CD /* Kingfisher */ = {
			isa = XCSwiftPackageProductDependency;
			package = 9B25F47924F3A7E100A760CD /* XCRemoteSwiftPackageReference "Kingfisher" */;
			productName = Kingfisher;
		};
/* End XCSwiftPackageProductDependency section */
	};
	rootObject = 9B6BDFC924F3721300A00C85 /* Project object */;
}
